# THIS IS AN AUTOGENERATED FILE. DO NOT EDIT THIS FILE DIRECTLY.
# yarn lockfile v1


node-fetch@^2.6.0:
  version "2.6.0"
  resolved "https://registry.yarnpkg.com/node-fetch/-/node-fetch-2.6.0.tgz#e633456386d4aa55863f676a7ab0daa8fdecb0fd"
  integrity sha512-8dG4H5ujfvFiqDmVu9fQ5bOHUC15JMjMY/Zumv26oOvvVJjM67KF8koCWIabKQ1GJIa9r2mMZscBq/TbdOcmNA==

nodemailer@^6.4.6:
  version "6.4.6"
  resolved "https://registry.yarnpkg.com/nodemailer/-/nodemailer-6.4.6.tgz#d37f504f6560b36616f646a606894fe18819107f"
  integrity sha512-/kJ+FYVEm2HuUlw87hjSqTss+GU35D4giOpdSfGp7DO+5h6RlJj7R94YaYHOkoxu1CSaM0d3WRBtCzwXrY6MKA==
